lockfileVersion: 5.4

importers:

  .:
    specifiers:
      prettier: ^2.8.0
    devDependencies:
      prettier: 2.8.0

  packages/api-plugin:
    specifiers:
      '@more-copy/cli': workspace:*
      '@more-copy/console-plugin': workspace:*
      naming-style: ^1.0.1
    dependencies:
      naming-style: 1.0.1
    devDependencies:
      '@more-copy/cli': link:../cli
      '@more-copy/console-plugin': link:../console-plugin

  packages/cli:
    specifiers:
      '@more-copy/core': workspace:*
      commander: ^9.0.0
    dependencies:
      '@more-copy/core': link:../core
      commander: 9.4.1

  packages/console-plugin:
    specifiers:
      '@more-copy/cli': workspace:^1.0.0
    devDependencies:
      '@more-copy/cli': link:../cli

  packages/mkdir-plugin:
    specifiers:
      '@more-copy/cli': workspace:*
    devDependencies:
      '@more-copy/cli': link:../cli

  packages/naming-plugin:
    specifiers:
      '@more-copy/cli': workspace:*
      '@more-copy/console-plugin': workspace:*
      naming-style: ^1.0.1
    dependencies:
      naming-style: 1.0.1
    devDependencies:
      '@more-copy/cli': link:../cli
      '@more-copy/console-plugin': link:../console-plugin

  packages/nunjucks-plugin:
    specifiers:
      '@more-copy/cli': workspace:*
      '@more-copy/console-plugin': workspace:*
      '@more-copy/mkdir-plugin': workspace:^1.0.0
      nunjucks: ^3.2.3
    dependencies:
      '@more-copy/mkdir-plugin': link:../mkdir-plugin
      nunjucks: 3.2.3
    devDependencies:
      '@more-copy/cli': link:../cli
      '@more-copy/console-plugin': link:../console-plugin

  packages/read-data-plugin:
    specifiers:
      '@more-copy/cli': workspace:*
      '@more-copy/console-plugin': workspace:*
    devDependencies:
      '@more-copy/cli': link:../cli
      '@more-copy/console-plugin': link:../console-plugin

  packages/read-mysql-plugin:
    specifiers:
      '@more-copy/cli': workspace:*
      '@more-copy/console-plugin': workspace:^1.0.0
      mysql2: ^2.3.3
    dependencies:
      mysql2: 2.3.3
    devDependencies:
      '@more-copy/cli': link:../cli
      '@more-copy/console-plugin': link:../console-plugin

  packages/table-plugin:
    specifiers:
      '@more-copy/cli': workspace:*
      '@more-copy/console-plugin': workspace:^1.0.0
      mysql2: ^2.3.3
    dependencies:
      mysql2: 2.3.3
    devDependencies:
      '@more-copy/cli': link:../cli
      '@more-copy/console-plugin': link:../console-plugin

  packages/time-plugin:
    specifiers:
      '@more-copy/cli': workspace:^1.0.0
      '@more-copy/console-plugin': workspace:^1.0.0
      dayjs: ^1.11.2
    dependencies:
      dayjs: 1.11.6
    devDependencies:
      '@more-copy/cli': link:../cli
      '@more-copy/console-plugin': link:../console-plugin

  packages/write-data-plugin:
    specifiers:
      '@more-copy/cli': workspace:*
    devDependencies:
      '@more-copy/cli': link:../cli

packages:

  /a-sync-waterfall/1.0.1:
    resolution: {integrity: sha512-RYTOHHdWipFUliRFMCS4X2Yn2X8M87V/OpSqWzKKOGhzqyUxzyVmhHDH9sAvG+ZuQf/TAOFsLCpMw09I1ufUnA==}
    dev: false

  /asap/2.0.6:
    resolution: {integrity: sha512-BSHWgDSAiKs50o2Re8ppvp3seVHXSRM44cdSsT9FfNEUUZLOGWVCsiWaRPWM1Znn+mqZ1OfVZ3z3DWEzSp7hRA==}
    dev: false

  /commander/5.1.0:
    resolution: {integrity: sha512-P0CysNDQ7rtVw4QIQtm+MRxV66vKFSvlsQvGYXZWR3qFU0jlMKHZZZgw8e+8DSah4UDKMqnknRDQz+xuQXQ/Zg==}
    engines: {node: '>= 6'}
    dev: false

  /commander/9.4.1:
    resolution: {integrity: sha512-5EEkTNyHNGFPD2H+c/dXXfQZYa/scCKasxWcXJaWnNJ99pnQN9Vnmqow+p+PlFPE63Q6mThaZws1T+HxfpgtPw==}
    engines: {node: ^12.20.0 || >=14}
    dev: false

  /dayjs/1.11.6:
    resolution: {integrity: sha512-zZbY5giJAinCG+7AGaw0wIhNZ6J8AhWuSXKvuc1KAyMiRsvGQWqh4L+MomvhdAYjN+lqvVCMq1I41e3YHvXkyQ==}
    dev: false

  /denque/2.1.0:
    resolution: {integrity: sha512-HVQE3AAb/pxF8fQAoiqpvg9i3evqug3hoiwakOyZAwJm+6vZehbkYXZ0l4JxS+I3QxM97v5aaRNhj8v5oBhekw==}
    engines: {node: '>=0.10'}
    dev: false

  /generate-function/2.3.1:
    resolution: {integrity: sha512-eeB5GfMNeevm/GRYq20ShmsaGcmI81kIX2K9XQx5miC8KdHaC6Jm0qQ8ZNeGOi7wYB8OsdxKs+Y2oVuTFuVwKQ==}
    dependencies:
      is-property: 1.0.2
    dev: false

  /iconv-lite/0.6.3:
    resolution: {integrity: sha512-4fCk79wshMdzMp2rH06qWrJE4iolqLhCUH+OiuIgU++RB0+94NlDL81atO7GX55uUKueo0txHNtvEyI6D7WdMw==}
    engines: {node: '>=0.10.0'}
    dependencies:
      safer-buffer: 2.1.2
    dev: false

  /is-property/1.0.2:
    resolution: {integrity: sha512-Ks/IoX00TtClbGQr4TWXemAnktAQvYB7HzcCxDGqEZU6oCmb2INHuOoKxbtR+HFkmYWBKv/dOZtGRiAjDhj92g==}
    dev: false

  /long/4.0.0:
    resolution: {integrity: sha512-XsP+KhQif4bjX1kbuSiySJFNAehNxgLb6hPRGJ9QsUr8ajHkuXGdrHmFUTUUXhDwVX2R5bY4JNZEwbUiMhV+MA==}
    dev: false

  /lru-cache/4.1.5:
    resolution: {integrity: sha512-sWZlbEP2OsHNkXrMl5GYk/jKk70MBng6UU4YI/qGDYbgf6YbP4EvmqISbXCoJiRKs+1bSpFHVgQxvJ17F2li5g==}
    dependencies:
      pseudomap: 1.0.2
      yallist: 2.1.2
    dev: false

  /lru-cache/6.0.0:
    resolution: {integrity: sha512-Jo6dJ04CmSjuznwJSS3pUeWmd/H0ffTlkXXgwZi+eq1UCmqQwCh+eLsYOYCwY991i2Fah4h1BEMCx4qThGbsiA==}
    engines: {node: '>=10'}
    dependencies:
      yallist: 4.0.0
    dev: false

  /mysql2/2.3.3:
    resolution: {integrity: sha512-wxJUev6LgMSgACDkb/InIFxDprRa6T95+VEoR+xPvtngtccNH2dGjEB/fVZ8yg1gWv1510c9CvXuJHi5zUm0ZA==}
    engines: {node: '>= 8.0'}
    dependencies:
      denque: 2.1.0
      generate-function: 2.3.1
      iconv-lite: 0.6.3
      long: 4.0.0
      lru-cache: 6.0.0
      named-placeholders: 1.1.2
      seq-queue: 0.0.5
      sqlstring: 2.3.3
    dev: false

  /named-placeholders/1.1.2:
    resolution: {integrity: sha512-wiFWqxoLL3PGVReSZpjLVxyJ1bRqe+KKJVbr4hGs1KWfTZTQyezHFBbuKj9hsizHyGV2ne7EMjHdxEGAybD5SA==}
    engines: {node: '>=6.0.0'}
    dependencies:
      lru-cache: 4.1.5
    dev: false

  /naming-style/1.0.1:
    resolution: {integrity: sha512-0TReXPuxU6ebUmDQmfDjkCwvhhJ86Gg02/Pliti1+ClkLKFOYBL6CJn+MEPT3nX35tGpyaUl+IwFGmh562TvKA==}
    dev: false

  /nunjucks/3.2.3:
    resolution: {integrity: sha512-psb6xjLj47+fE76JdZwskvwG4MYsQKXUtMsPh6U0YMvmyjRtKRFcxnlXGWglNybtNTNVmGdp94K62/+NjF5FDQ==}
    engines: {node: '>= 6.9.0'}
    hasBin: true
    peerDependencies:
      chokidar: ^3.3.0
    peerDependenciesMeta:
      chokidar:
        optional: true
    dependencies:
      a-sync-waterfall: 1.0.1
      asap: 2.0.6
      commander: 5.1.0
    dev: false

  /prettier/2.8.0:
    resolution: {integrity: sha512-9Lmg8hTFZKG0Asr/kW9Bp8tJjRVluO8EJQVfY2T7FMw9T5jy4I/Uvx0Rca/XWf50QQ1/SS48+6IJWnrb+2yemA==}
    engines: {node: '>=10.13.0'}
    hasBin: true
    dev: true

  /pseudomap/1.0.2:
    resolution: {integrity: sha512-b/YwNhb8lk1Zz2+bXXpS/LK9OisiZZ1SNsSLxN1x2OXVEhW2Ckr/7mWE5vrC1ZTiJlD9g19jWszTmJsB+oEpFQ==}
    dev: false

  /safer-buffer/2.1.2:
    resolution: {integrity: sha512-YZo3K82SD7Riyi0E1EQPojLz7kpepnSQI9IyPbHHg1XXXevb5dJI7tpyN2ADxGcQbHG7vcyRHk0cbwqcQriUtg==}
    dev: false

  /seq-queue/0.0.5:
    resolution: {integrity: sha512-hr3Wtp/GZIc/6DAGPDcV4/9WoZhjrkXsi5B/07QgX8tsdc6ilr7BFM6PM6rbdAX1kFSDYeZGLipIZZKyQP0O5Q==}
    dev: false

  /sqlstring/2.3.3:
    resolution: {integrity: sha512-qC9iz2FlN7DQl3+wjwn3802RTyjCx7sDvfQEXchwa6CWOx07/WVfh91gBmQ9fahw8snwGEWU3xGzOt4tFyHLxg==}
    engines: {node: '>= 0.6'}
    dev: false

  /yallist/2.1.2:
    resolution: {integrity: sha512-ncTzHV7NvsQZkYe1DW7cbDLm0YpzHmZF5r/iyP3ZnQtMiJ+pjzisCiMNI+Sj+xQF5pXhSHxSB3uDbsBTzY/c2A==}
    dev: false

  /yallist/4.0.0:
    resolution: {integrity: sha512-3wdGidZyq5PB084XLES5TpOSRA3wjXAlIWMhum2kRcv/41Sn2emQ0dycQW4uZXLejwKvg6EsvbdlVL+FYEct7A==}
    dev: false
